
Microsoft Visual Studio Solution File, Format Version 12.00
Project("{FAE04EC0-301F-11D3-BF4B-00C04F79EFBC}") = "BindDemo", "BindDemo\BindDemo.csproj", "{893DF99F-0A83-449E-99B8-8D23C6A69795}"
EndProject
Global
	GlobalSection(SolutionConfigurationPlatforms) = preSolution
		Debug|Any CPU = Debug|Any CPU
		Release|Any CPU = Release|Any CPU
	EndGlobalSection
	GlobalSection(ProjectConfigurationPlatforms) = postSolution
		{893DF99F-0A83-449E-99B8-8D23C6A69795}.Debug|Any CPU.ActiveCfg = Debug|Any CPU
		{893DF99F-0A83-449E-99B8-8D23C6A69795}.Debug|Any CPU.Build.0 = Debug|Any CPU
		{893DF99F-0A83-449E-99B8-8D23C6A69795}.Release|Any CPU.ActiveCfg = Release|Any CPU
		{893DF99F-0A83-449E-99B8-8D23C6A69795}.Release|Any CPU.Build.0 = Release|Any CPU
	EndGlobalSection
EndGlobal
